
Microsoft Visual Studio Solution File, Format Version 12.00
# Visual Studio Version 16
VisualStudioVersion = 16.0.30907.101
MinimumVisualStudioVersion = 10.0.40219.1
Project("{FAE04EC0-301F-11D3-BF4B-00C04F79EFBC}") = "diadelasemana", "diadelasemana\diadelasemana.csproj", "{AC7A6188-BDBF-4BFC-A298-FED4EBDCD4AE}"
EndProject
Global
	GlobalSection(SolutionConfigurationPlatforms) = preSolution
		Debug|Any CPU = Debug|Any CPU
		Release|Any CPU = Release|Any CPU
	EndGlobalSection
	GlobalSection(ProjectConfigurationPlatforms) = postSolution
		{AC7A6188-BDBF-4BFC-A298-FED4EBDCD4AE}.Debug|Any CPU.ActiveCfg = Debug|Any CPU
		{AC7A6188-BDBF-4BFC-A298-FED4EBDCD4AE}.Debug|Any CPU.Build.0 = Debug|Any CPU
		{AC7A6188-BDBF-4BFC-A298-FED4EBDCD4AE}.Release|Any CPU.ActiveCfg = Release|Any CPU
		{AC7A6188-BDBF-4BFC-A298-FED4EBDCD4AE}.Release|Any CPU.Build.0 = Release|Any CPU
	EndGlobalSection
	GlobalSection(SolutionProperties) = preSolution
		HideSolutionNode = FALSE
	EndGlobalSection
	GlobalSection(ExtensibilityGlobals) = postSolution
		SolutionGuid = {588801DE-ED3F-4A8F-9986-400433B54AB7}
	EndGlobalSection
EndGlobal
